
Microsoft Visual Studio Solution File, Format Version 12.00
# Visual Studio Version 17
VisualStudioVersion = 17.7.34221.43
MinimumVisualStudioVersion = 10.0.40219.1
Project("{8BC9CEB8-8B4A-11D0-8D11-00A0C91BC942}") = "Partie 4 workshop", "Partie 4 workshop\Partie 4 workshop.vcxproj", "{87E58ECB-9043-45AD-B3BB-7B64121C4AD6}"
EndProject
Global
	GlobalSection(SolutionConfigurationPlatforms) = preSolution
		Debug|x64 = Debug|x64
		Debug|x86 = Debug|x86
		Release|x64 = Release|x64
		Release|x86 = Release|x86
	EndGlobalSection
	GlobalSection(ProjectConfigurationPlatforms) = postSolution
		{87E58ECB-9043-45AD-B3BB-7B64121C4AD6}.Debug|x64.ActiveCfg = Debug|x64
		{87E58ECB-9043-45AD-B3BB-7B64121C4AD6}.Debug|x64.Build.0 = Debug|x64
		{87E58ECB-9043-45AD-B3BB-7B64121C4AD6}.Debug|x86.ActiveCfg = Debug|Win32
		{87E58ECB-9043-45AD-B3BB-7B64121C4AD6}.Debug|x86.Build.0 = Debug|Win32
		{87E58ECB-9043-45AD-B3BB-7B64121C4AD6}.Release|x64.ActiveCfg = Release|x64
		{87E58ECB-9043-45AD-B3BB-7B64121C4AD6}.Release|x64.Build.0 = Release|x64
		{87E58ECB-9043-45AD-B3BB-7B64121C4AD6}.Release|x86.ActiveCfg = Release|Win32
		{87E58ECB-9043-45AD-B3BB-7B64121C4AD6}.Release|x86.Build.0 = Release|Win32
	EndGlobalSection
	GlobalSection(SolutionProperties) = preSolution
		HideSolutionNode = FALSE
	EndGlobalSection
	GlobalSection(ExtensibilityGlobals) = postSolution
		SolutionGuid = {E92B5DE2-C133-4D6F-A25E-2AF9A96BE46E}
	EndGlobalSection
EndGlobal
